
Microsoft Visual Studio Solution File, Format Version 12.00
# Visual Studio Version 16
VisualStudioVersion = 16.0.29709.97
MinimumVisualStudioVersion = 10.0.40219.1
Project("{FAE04EC0-301F-11D3-BF4B-00C04F79EFBC}") = "SteamWebRequest", "SteamWebRequest\SteamWebRequest.csproj", "{BCBFDD94-2719-4E6A-87A5-F34174B31582}"
EndProject
Project("{FAE04EC0-301F-11D3-BF4B-00C04F79EFBC}") = "SteamWebRequest_Tests", "SteamWebRequest_Tests\SteamWebRequest_Tests.csproj", "{0A8A9E26-B38E-46B0-B3F1-963CE43E9B48}"
EndProject
Global
	GlobalSection(SolutionConfigurationPlatforms) = preSolution
		Debug|Any CPU = Debug|Any CPU
		Release|Any CPU = Release|Any CPU
	EndGlobalSection
	GlobalSection(ProjectConfigurationPlatforms) = postSolution
		{BCBFDD94-2719-4E6A-87A5-F34174B31582}.Debug|Any CPU.ActiveCfg = Debug|Any CPU
		{BCBFDD94-2719-4E6A-87A5-F34174B31582}.Debug|Any CPU.Build.0 = Debug|Any CPU
		{BCBFDD94-2719-4E6A-87A5-F34174B31582}.Release|Any CPU.ActiveCfg = Release|Any CPU
		{BCBFDD94-2719-4E6A-87A5-F34174B31582}.Release|Any CPU.Build.0 = Release|Any CPU
		{0A8A9E26-B38E-46B0-B3F1-963CE43E9B48}.Debug|Any CPU.ActiveCfg = Debug|Any CPU
		{0A8A9E26-B38E-46B0-B3F1-963CE43E9B48}.Debug|Any CPU.Build.0 = Debug|Any CPU
		{0A8A9E26-B38E-46B0-B3F1-963CE43E9B48}.Release|Any CPU.ActiveCfg = Release|Any CPU
		{0A8A9E26-B38E-46B0-B3F1-963CE43E9B48}.Release|Any CPU.Build.0 = Release|Any CPU
	EndGlobalSection
	GlobalSection(SolutionProperties) = preSolution
		HideSolutionNode = FALSE
	EndGlobalSection
	GlobalSection(ExtensibilityGlobals) = postSolution
		SolutionGuid = {32C2F255-FC11-4DC5-A222-919EFC5CE0B0}
	EndGlobalSection
EndGlobal
